
Microsoft Visual Studio Solution File, Format Version 12.00
# Visual Studio Version 16
VisualStudioVersion = 16.0.30717.126
MinimumVisualStudioVersion = 10.0.40219.1
Project("{FAE04EC0-301F-11D3-BF4B-00C04F79EFBC}") = "MVCResponsiveWebApp", "MVCResponsiveWebApp.csproj", "{F7E82D43-DC38-4442-AA88-32FCC6483B14}"
EndProject
Global
	GlobalSection(SolutionConfigurationPlatforms) = preSolution
		Debug|Any CPU = Debug|Any CPU
		Release|Any CPU = Release|Any CPU
	EndGlobalSection
	GlobalSection(ProjectConfigurationPlatforms) = postSolution
		{F7E82D43-DC38-4442-AA88-32FCC6483B14}.Debug|Any CPU.ActiveCfg = Debug|Any CPU
		{F7E82D43-DC38-4442-AA88-32FCC6483B14}.Debug|Any CPU.Build.0 = Debug|Any CPU
		{F7E82D43-DC38-4442-AA88-32FCC6483B14}.Release|Any CPU.ActiveCfg = Release|Any CPU
		{F7E82D43-DC38-4442-AA88-32FCC6483B14}.Release|Any CPU.Build.0 = Release|Any CPU
	EndGlobalSection
	GlobalSection(SolutionProperties) = preSolution
		HideSolutionNode = FALSE
	EndGlobalSection
	GlobalSection(ExtensibilityGlobals) = postSolution
		SolutionGuid = {EB0491BA-63CC-4261-A646-40095267964F}
	EndGlobalSection
EndGlobal
